
Microsoft Visual Studio Solution File, Format Version 12.00
# Visual Studio 15
VisualStudioVersion = 15.0.28307.168
MinimumVisualStudioVersion = 10.0.40219.1
Project("{FAE04EC0-301F-11D3-BF4B-00C04F79EFBC}") = "ConsoleApp2", "ConsoleApp2\ConsoleApp2.csproj", "{A8FDE626-7B12-4CFA-A968-A36B3A1B876F}"
EndProject
Global
	GlobalSection(SolutionConfigurationPlatforms) = preSolution
		Debug|Any CPU = Debug|Any CPU
		Release|Any CPU = Release|Any CPU
	EndGlobalSection
	GlobalSection(ProjectConfigurationPlatforms) = postSolution
		{A8FDE626-7B12-4CFA-A968-A36B3A1B876F}.Debug|Any CPU.ActiveCfg = Debug|Any CPU
		{A8FDE626-7B12-4CFA-A968-A36B3A1B876F}.Debug|Any CPU.Build.0 = Debug|Any CPU
		{A8FDE626-7B12-4CFA-A968-A36B3A1B876F}.Release|Any CPU.ActiveCfg = Release|Any CPU
		{A8FDE626-7B12-4CFA-A968-A36B3A1B876F}.Release|Any CPU.Build.0 = Release|Any CPU
	EndGlobalSection
	GlobalSection(SolutionProperties) = preSolution
		HideSolutionNode = FALSE
	EndGlobalSection
	GlobalSection(ExtensibilityGlobals) = postSolution
		SolutionGuid = {2C42D605-72E5-4C63-9657-97DC042D19DB}
	EndGlobalSection
EndGlobal
